github.com/PuerkitoBio/goquery v1.8.1/go.mod h1:Q8ICL1kNUJ2sXGoAhPGUdYDJvgQgHzJsnnd3H7Ho5jQ=
github.com/a-h/htmlformat v0.0.0-20231108124658-5bd994fe268e/go.mod h1:FMIm5afKmEfarNbIXOaPHFY8X7fo+fRQB6I9MPG2nB0=
github.com/a-h/parse v0.0.0-20240121214402-3caf7543159a/go.mod h1:3mnrkvGpurZ4ZrTDbYU84xhwXW2TjTKShSwjRi2ihfQ=
github.com/a-h/pathvars v0.0.14/go.mod h1:7rLTtvDVyKneR/N65hC0lh2sZ2KRyAmWFaOvv00uxb0=
github.com/a-h/protocol v0.0.0-20240704131721-1e461c188041/go.mod h1:Gm0KywveHnkiIhqFSMZglXwWZRQICg3KDWLYdglv/d8=
github.com/a-h/templ v0.2.778 h1:VzhOuvWECrwOec4790lcLlZpP4Iptt5Q4K9aFxQmtaM=
github.com/a-h/templ v0.2.778/go.mod h1:lq48JXoUvuQrU0VThrK31yFwdRjTCnIE5bcPCM9IP1w=
github.com/andybalholm/brotli v1.1.0/go.mod h1:sms7XGricyQI9K10gOSf56VKKWS4oLer58Q+mhRPtnY=
github.com/andybalholm/cascadia v1.3.1/go.mod h1:R4bJ1UQfqADjvDa4P6HZHLh/3OxWWEqc0Sk8XGwHqvA=
github.com/cenkalti/backoff/v4 v4.3.0/go.mod h1:Y3VNntkOUPxTVeUxJ/G5vcM//AlwfmyYozVcomhLiZE=
github.com/cli/browser v1.3.0/go.mod h1:HH8s+fOAxjhQoBUAsKuPCbqUuxZDhQ2/aD+SzsEfBTk=
github.com/fatih/color v1.16.0/go.mod h1:fL2Sau1YI5c0pdGEVCbKQbLXB6edEj1ZgiY4NijnWvE=
github.com/fsnotify/fsnotify v1.7.0/go.mod h1:40Bi/Hjc2AVfZrqy+aj+yEI+/bRxZnMJyTJwOpGvigM=
github.com/google/go-cmp v0.6.0/go.mod h1:17dUlkBOakJ0+DkrSSNjCkIjxS6bF9zb3elmeNGIjoY=
github.com/gorilla/mux v1.8.1 h1:TuBL49tXwgrFYWhqrNgrUNEY92u81SPhu7sTdzQEiWY=
github.com/gorilla/mux v1.8.1/go.mod h1:AKf9I4AEqPTmMytcMc0KkNouC66V3BtZ4qD5fmWSiMQ=
github.com/mattn/go-colorable v0.1.13/go.mod h1:7S9/ev0klgBDR4GtXTXX8a3vIGJpMovkB8vQcUbaXHg=
github.com/mattn/go-isatty v0.0.20/go.mod h1:W+V8PltTTMOvKvAeJH7IuucS94S2C6jfK/D7dTCTo3Y=
github.com/natefinch/atomic v1.0.1/go.mod h1:N/D/ELrljoqDyT3rZrsUmtsuzvHkeB/wWjHV22AZRbM=
github.com/rs/cors v1.11.0/go.mod h1:XyqrcTp5zjWr1wsJ8PIRZssZ8b/WMcMf71DJnit4EMU=
github.com/segmentio/asm v1.2.0/go.mod h1:BqMnlJP91P8d+4ibuonYZw9mfnzI9HfxselHZr5aAcs=
github.com/segmentio/encoding v0.4.0/go.mod h1:/d03Cd8PoaDeceuhUUUQWjU0KhWjrmYrWPgtJHYZSnI=
github.com/stretchr/testify v1.8.4/go.mod h1:sz/lmYIOXD/1dqDmKjjqLyZ2RngseejIcXlSw2iwfAo=
go.lsp.dev/jsonrpc2 v0.10.0/go.mod h1:fmEzIdXPi/rf6d4uFcayi8HpFP1nBF99ERP1htC72Ac=
go.lsp.dev/pkg v0.0.0-20210717090340-384b27a52fb2/go.mod h1:gtSHRuYfbCT0qnbLnovpie/WEmqyJ7T4n6VXiFMBtcw=
go.lsp.dev/uri v0.3.0/go.mod h1:P5sbO1IQR+qySTWOCnhnK7phBx+W3zbLqSMDJNTw88I=
go.uber.org/multierr v1.11.0/go.mod h1:20+QtiLqy0Nd6FdQB9TLXag12DsQkrbs3htMFfDN80Y=
go.uber.org/zap v1.27.0/go.mod h1:GB2qFLM7cTU87MWRP2mPIjqfIDnGu+VIO4V/SdhGo2E=
golang.org/x/mod v0.20.0/go.mod h1:hTbmBsO62+eylJbnUtE2MGJUyE7QWk4xUqPFrRgJ+7c=
golang.org/x/net v0.28.0/go.mod h1:yqtgsTWOOnlGLG9GFRrK3++bGOUEkNBoHZc8MEDWPNg=
golang.org/x/sync v0.8.0/go.mod h1:Czt+wKu1gCyEFDUtn0jG5QVvpJ6rzVqr5aXyt9drQfk=
golang.org/x/sys v0.23.0/go.mod h1:/VUhepiaJMQUp4+oa/7Zr1D23ma6VTLIYjOOTFZPUcA=
golang.org/x/tools v0.24.0/go.mod h1:YhNqVBIfWHdzvTLs0d8LCuMhkKUgSUKldakyV7W/WDQ=
